# THIS IS AN AUTOGENERATED FILE. DO NOT EDIT THIS FILE DIRECTLY.
# yarn lockfile v1


"npm-private-versioning.module-a@https://github.com/nesso-pfl/npm-private-versioning#v1.1.0-moduleA":
  version "1.0.0"
  resolved "https://github.com/nesso-pfl/npm-private-versioning#216240b7795b14d4656ba3d4e81fef46f9d937d8"

"npm-private-versioning@https://github.com/nesso-pfl/npm-private-versioning#v1.1.0":
  version "1.0.0"
  resolved "https://github.com/nesso-pfl/npm-private-versioning#5c3fcba7de98e93b429f61b7146b8931d4703390"
